
Microsoft Visual Studio Solution File, Format Version 12.00
# Visual Studio 15
VisualStudioVersion = 15.0.28010.2036
MinimumVisualStudioVersion = 10.0.40219.1
Project("{9A19103F-16F7-4668-BE54-9A1E7A4F7556}") = "VergeClient", "VergeClient\VergeClient.csproj", "{CAA1C02A-59EE-4A39-87CF-8950D409CD89}"
EndProject
Global
	GlobalSection(SolutionConfigurationPlatforms) = preSolution
		Debug|Any CPU = Debug|Any CPU
		Release|Any CPU = Release|Any CPU
	EndGlobalSection
	GlobalSection(ProjectConfigurationPlatforms) = postSolution
		{CAA1C02A-59EE-4A39-87CF-8950D409CD89}.Debug|Any CPU.ActiveCfg = Debug|Any CPU
		{CAA1C02A-59EE-4A39-87CF-8950D409CD89}.Debug|Any CPU.Build.0 = Debug|Any CPU
		{CAA1C02A-59EE-4A39-87CF-8950D409CD89}.Release|Any CPU.ActiveCfg = Release|Any CPU
		{CAA1C02A-59EE-4A39-87CF-8950D409CD89}.Release|Any CPU.Build.0 = Release|Any CPU
	EndGlobalSection
	GlobalSection(SolutionProperties) = preSolution
		HideSolutionNode = FALSE
	EndGlobalSection
	GlobalSection(ExtensibilityGlobals) = postSolution
		SolutionGuid = {1FE2A66B-086E-4B89-8207-47629CD32757}
	EndGlobalSection
EndGlobal
